
Microsoft Visual Studio Solution File, Format Version 12.00
# Visual Studio 15
VisualStudioVersion = 15.0.27004.2009
MinimumVisualStudioVersion = 10.0.40219.1
Project("{FAE04EC0-301F-11D3-BF4B-00C04F79EFBC}") = "FoodCalculater", "FoodCalculater\FoodCalculater.csproj", "{F88B1356-A5AC-4EEE-85B6-4661452A4789}"
EndProject
Global
	GlobalSection(SolutionConfigurationPlatforms) = preSolution
		Debug|Any CPU = Debug|Any CPU
		Release|Any CPU = Release|Any CPU
	EndGlobalSection
	GlobalSection(ProjectConfigurationPlatforms) = postSolution
		{F88B1356-A5AC-4EEE-85B6-4661452A4789}.Debug|Any CPU.ActiveCfg = Debug|Any CPU
		{F88B1356-A5AC-4EEE-85B6-4661452A4789}.Debug|Any CPU.Build.0 = Debug|Any CPU
		{F88B1356-A5AC-4EEE-85B6-4661452A4789}.Release|Any CPU.ActiveCfg = Release|Any CPU
		{F88B1356-A5AC-4EEE-85B6-4661452A4789}.Release|Any CPU.Build.0 = Release|Any CPU
	EndGlobalSection
	GlobalSection(SolutionProperties) = preSolution
		HideSolutionNode = FALSE
	EndGlobalSection
	GlobalSection(ExtensibilityGlobals) = postSolution
		SolutionGuid = {77129749-5721-4847-91FD-F8038D8D0804}
	EndGlobalSection
EndGlobal
